lockfileVersion: '9.0'

settings:
  autoInstallPeers: true
  excludeLinksFromLockfile: false

importers:

  .:
    devDependencies:
      '@changesets/changelog-github':
        specifier: ^0.5.1
        version: 0.5.1
      '@types/node':
        specifier: ^24.2.0
        version: 24.2.0
      changesets:
        specifier: ^1.0.2
        version: 1.0.2

packages:

  '@changesets/changelog-github@0.5.1':
    resolution: {integrity: sha512-BVuHtF+hrhUScSoHnJwTELB4/INQxVFc+P/Qdt20BLiBFIHFJDDUaGsZw+8fQeJTRP5hJZrzpt3oZWh0G19rAQ==}

  '@changesets/get-github-info@0.6.0':
    resolution: {integrity: sha512-v/TSnFVXI8vzX9/w3DU2Ol+UlTZcu3m0kXTjTT4KlAdwSvwutcByYwyYn9hwerPWfPkT2JfpoX0KgvCEi8Q/SA==}

  '@changesets/types@6.1.0':
    resolution: {integrity: sha512-rKQcJ+o1nKNgeoYRHKOS07tAMNd3YSN0uHaJOZYjBAgxfV7TUE7JE+z4BzZdQwb5hKaYbayKN5KrYV7ODb2rAA==}

  '@types/node@24.2.0':
    resolution: {integrity: sha512-3xyG3pMCq3oYCNg7/ZP+E1ooTaGB4cG8JWRsqqOYQdbWNY4zbaV0Ennrd7stjiJEFZCaybcIgpTjJWHRfBSIDw==}

  changesets@1.0.2:
    resolution: {integrity: sha512-lnXvvqJEcK0z/6RtwKNLbejazl+Hxd1bocMcNgfLHWb4rGxuqkO/LdeGNzwIx3jHj+fNWZ6AGgK5AqNBwva4Xg==}

  dataloader@1.4.0:
    resolution: {integrity: sha512-68s5jYdlvasItOJnCuI2Q9s4q98g0pCyL3HrcKJu8KNugUl8ahgmZYg38ysLTgQjjXX3H8CJLkAvWrclWfcalw==}

  dotenv@8.6.0:
    resolution: {integrity: sha512-IrPdXQsk2BbzvCBGBOTmmSH5SodmqZNt4ERAZDmW4CT+tL8VtvinqywuANaFu4bOMWki16nqf0e4oC0QIaDr/g==}
    engines: {node: '>=10'}

  node-fetch@2.7.0:
    resolution: {integrity: sha512-c4FRfUm/dbcWZ7U+1Wq0AwCyFL+3nt2bEw05wfxSz+DWpWsitgmSgYmy2dQdWyKC1694ELPqMs/YzUSNozLt8A==}
    engines: {node: 4.x || >=6.0.0}
    peerDependencies:
      encoding: ^0.1.0
    peerDependenciesMeta:
      encoding:
        optional: true

  tr46@0.0.3:
    resolution: {integrity: sha512-N3WMsuqV66lT30CrXNbEjx4GEwlow3v6rr4mCcv6prnfwhS01rkgyFdjPNBYd9br7LpXV1+Emh01fHnq2Gdgrw==}

  undici-types@7.10.0:
    resolution: {integrity: sha512-t5Fy/nfn+14LuOc2KNYg75vZqClpAiqscVvMygNnlsHBFpSXdJaYtXMcdNLpl/Qvc3P2cB3s6lOV51nqsFq4ag==}

  webidl-conversions@3.0.1:
    resolution: {integrity: sha512-2JAn3z8AR6rjK8Sm8orRC0h/bcl/DqL7tRPdGZ4I1CjdF+EaMLmYxBHyXuKL849eucPFhvBoxMsflfOb8kxaeQ==}

  whatwg-url@5.0.0:
    resolution: {integrity: sha512-saE57nupxk6v3HY35+jzBwYa0rKSy0XR8JSxZPwgLr7ys0IBzhGviA1/TUGJLmSVqs8pb9AnvICXEuOHLprYTw==}

snapshots:

  '@changesets/changelog-github@0.5.1':
    dependencies:
      '@changesets/get-github-info': 0.6.0
      '@changesets/types': 6.1.0
      dotenv: 8.6.0
    transitivePeerDependencies:
      - encoding

  '@changesets/get-github-info@0.6.0':
    dependencies:
      dataloader: 1.4.0
      node-fetch: 2.7.0
    transitivePeerDependencies:
      - encoding

  '@changesets/types@6.1.0': {}

  '@types/node@24.2.0':
    dependencies:
      undici-types: 7.10.0

  changesets@1.0.2: {}

  dataloader@1.4.0: {}

  dotenv@8.6.0: {}

  node-fetch@2.7.0:
    dependencies:
      whatwg-url: 5.0.0

  tr46@0.0.3: {}

  undici-types@7.10.0: {}

  webidl-conversions@3.0.1: {}

  whatwg-url@5.0.0:
    dependencies:
      tr46: 0.0.3
      webidl-conversions: 3.0.1
